
Microsoft Visual Studio Solution File, Format Version 12.00
# Visual Studio Version 17
VisualStudioVersion = 17.1.32414.318
MinimumVisualStudioVersion = 10.0.40219.1
Project("{FAE04EC0-301F-11D3-BF4B-00C04F79EFBC}") = "Range Extraction", "Range Extraction\Range Extraction.csproj", "{CDA06027-557A-45E5-B793-0DD1B5F7E967}"
EndProject
Global
	GlobalSection(SolutionConfigurationPlatforms) = preSolution
		Debug|Any CPU = Debug|Any CPU
		Release|Any CPU = Release|Any CPU
	EndGlobalSection
	GlobalSection(ProjectConfigurationPlatforms) = postSolution
		{CDA06027-557A-45E5-B793-0DD1B5F7E967}.Debug|Any CPU.ActiveCfg = Debug|Any CPU
		{CDA06027-557A-45E5-B793-0DD1B5F7E967}.Debug|Any CPU.Build.0 = Debug|Any CPU
		{CDA06027-557A-45E5-B793-0DD1B5F7E967}.Release|Any CPU.ActiveCfg = Release|Any CPU
		{CDA06027-557A-45E5-B793-0DD1B5F7E967}.Release|Any CPU.Build.0 = Release|Any CPU
	EndGlobalSection
	GlobalSection(SolutionProperties) = preSolution
		HideSolutionNode = FALSE
	EndGlobalSection
	GlobalSection(ExtensibilityGlobals) = postSolution
		SolutionGuid = {F7DBDFC5-6C76-4E5E-BF6F-0C89F7CF77A7}
	EndGlobalSection
EndGlobal
